
Microsoft Visual Studio Solution File, Format Version 12.00
# Visual Studio Version 17
VisualStudioVersion = 17.9.34607.119
MinimumVisualStudioVersion = 10.0.40219.1
Project("{FAE04EC0-301F-11D3-BF4B-00C04F79EFBC}") = "PCGerenteFacturacion", "PCGerenteFacturacion\PCGerenteFacturacion.csproj", "{D3AF11AE-D766-4C1F-8D7F-2083B0CDBA62}"
EndProject
Global
	GlobalSection(SolutionConfigurationPlatforms) = preSolution
		Debug|Any CPU = Debug|Any CPU
		Release|Any CPU = Release|Any CPU
	EndGlobalSection
	GlobalSection(ProjectConfigurationPlatforms) = postSolution
		{D3AF11AE-D766-4C1F-8D7F-2083B0CDBA62}.Debug|Any CPU.ActiveCfg = Debug|Any CPU
		{D3AF11AE-D766-4C1F-8D7F-2083B0CDBA62}.Debug|Any CPU.Build.0 = Debug|Any CPU
		{D3AF11AE-D766-4C1F-8D7F-2083B0CDBA62}.Release|Any CPU.ActiveCfg = Release|Any CPU
		{D3AF11AE-D766-4C1F-8D7F-2083B0CDBA62}.Release|Any CPU.Build.0 = Release|Any CPU
	EndGlobalSection
	GlobalSection(SolutionProperties) = preSolution
		HideSolutionNode = FALSE
	EndGlobalSection
	GlobalSection(ExtensibilityGlobals) = postSolution
		SolutionGuid = {550383BC-2007-45D1-A8F8-54D24AA966C6}
	EndGlobalSection
EndGlobal
